github.com/gdbu/atoms v1.0.1 h1:7vSKoMNHQXQ0iMnDKjTDbOjhPVHZxgqiW4KPpKzGjyY=
github.com/gdbu/atoms v1.0.1/go.mod h1:NAF1/IvAK0xby1xvmlRLBpapkWBhWL8dlcsxVDGuUpo=
github.com/gdbu/logger v0.6.2 h1:I82k0Fg0ZsOy1rsTjdt0zcD69kJPTtPRZfKOvOgguxg=
github.com/gdbu/logger v0.6.2/go.mod h1:YweE95qrjYqXm7wA/Uf3NW2ueFiNOtLDzktneVpe5kQ=
github.com/hatchify/errors v0.4.82 h1:o7eB9r1X3Sx7PBRRXMCaAm+vXcoQLE4ZOesIv4oK36Q=
github.com/hatchify/errors v0.4.82/go.mod h1:niCrsPjs0fFes147TgJ0LSUVdtavQTUvBxNoJm9Vew0=
